
Microsoft Visual Studio Solution File, Format Version 12.00
# Visual Studio Version 17
VisualStudioVersion = 17.5.002.0
MinimumVisualStudioVersion = 10.0.40219.1
Project("{9A19103F-16F7-4668-BE54-9A1E7A4F7556}") = "MyGame", "MyGame.csproj", "{A299C7F4-C5E4-42BF-9B1C-42C84C493A5C}"
EndProject
Global
	GlobalSection(SolutionConfigurationPlatforms) = preSolution
		Debug|Any CPU = Debug|Any CPU
		Release|Any CPU = Release|Any CPU
	EndGlobalSection
	GlobalSection(ProjectConfigurationPlatforms) = postSolution
		{A299C7F4-C5E4-42BF-9B1C-42C84C493A5C}.Debug|Any CPU.ActiveCfg = Debug|Any CPU
		{A299C7F4-C5E4-42BF-9B1C-42C84C493A5C}.Debug|Any CPU.Build.0 = Debug|Any CPU
		{A299C7F4-C5E4-42BF-9B1C-42C84C493A5C}.Release|Any CPU.ActiveCfg = Release|Any CPU
		{A299C7F4-C5E4-42BF-9B1C-42C84C493A5C}.Release|Any CPU.Build.0 = Release|Any CPU
	EndGlobalSection
	GlobalSection(SolutionProperties) = preSolution
		HideSolutionNode = FALSE
	EndGlobalSection
	GlobalSection(ExtensibilityGlobals) = postSolution
		SolutionGuid = {75DFA088-1D3D-445C-AA52-115359E1D128}
	EndGlobalSection
EndGlobal
